{
    "version": 3,
    "terraform_version": "0.8.5",
    "serial": 1,
    "lineage": "8ce74544-0b79-4a8f-a195-7b931c4fb53a",
    "modules": [
        {
            "path": [
                "root"
            ],
            "outputs": {},
            "resources": {
                "aws_instance.example": {
                    "type": "aws_instance",
                    "depends_on": [],
                    "primary": {
                        "id": "i-09bc130b00ab9e041",
                        "attributes": {
                            "ami": "ami-13be557e",
                            "associate_public_ip_address": "true",
                            "availability_zone": "us-east-1d",
                            "disable_api_termination": "false",
                            "ebs_block_device.#": "0",
                            "ebs_optimized": "false",
                            "ephemeral_block_device.#": "0",
                            "iam_instance_profile": "",
                            "id": "i-09bc130b00ab9e041",
                            "instance_state": "running",
                            "instance_type": "t2.micro",
                            "key_name": "",
                            "monitoring": "false",
                            "network_interface_id": "eni-5c6480ae",
                            "private_dns": "ip-172-31-48-146.ec2.internal",
                            "private_ip": "172.31.48.146",
                            "public_dns": "ec2-54-225-125-193.compute-1.amazonaws.com",
                            "public_ip": "54.225.125.193",
                            "root_block_device.#": "1",
                            "root_block_device.0.delete_on_termination": "true",
                            "root_block_device.0.iops": "100",
                            "root_block_device.0.volume_size": "8",
                            "root_block_device.0.volume_type": "gp2",
                            "security_groups.#": "0",
                            "source_dest_check": "true",
                            "subnet_id": "subnet-f9884ed2",
                            "tags.%": "0",
                            "tenancy": "default",
                            "vpc_security_group_ids.#": "1",
                            "vpc_security_group_ids.3821012928": "sg-42c83e26"
                        },
                        "meta": {
                            "schema_version": "1"
                        },
                        "tainted": false
                    },
                    "deposed": [],
                    "provider": ""
                }
            },
            "depends_on": []
        }
    ]
}
